
Microsoft Visual Studio Solution File, Format Version 12.00
# Visual Studio 2013
VisualStudioVersion = 12.0.30501.0
MinimumVisualStudioVersion = 10.0.40219.1
Project("{FAE04EC0-301F-11D3-BF4B-00C04F79EFBC}") = "lexical_analysis", "lexical_analysis\lexical_analysis.csproj", "{61B4AF5E-AFF2-4293-A5DE-E1997E06CABB}"
EndProject
Project("{FAE04EC0-301F-11D3-BF4B-00C04F79EFBC}") = "lex_test", "lex_test\lex_test.csproj", "{78E772EC-059C-4F6B-86A3-610A6351355F}"
EndProject
Project("{FAE04EC0-301F-11D3-BF4B-00C04F79EFBC}") = "parser", "parser\parser.csproj", "{C8A12F6D-30A8-40C9-B50B-577EF55F7683}"
EndProject
Project("{FAE04EC0-301F-11D3-BF4B-00C04F79EFBC}") = "parser_test", "parser_test\parser_test.csproj", "{C127BADE-A0A5-46DD-BDD1-1FDFD62CD16B}"
EndProject
Global
	GlobalSection(SolutionConfigurationPlatforms) = preSolution
		Debug|Any CPU = Debug|Any CPU
		Release|Any CPU = Release|Any CPU
	EndGlobalSection
	GlobalSection(ProjectConfigurationPlatforms) = postSolution
		{61B4AF5E-AFF2-4293-A5DE-E1997E06CABB}.Debug|Any CPU.ActiveCfg = Debug|Any CPU
		{61B4AF5E-AFF2-4293-A5DE-E1997E06CABB}.Debug|Any CPU.Build.0 = Debug|Any CPU
		{61B4AF5E-AFF2-4293-A5DE-E1997E06CABB}.Release|Any CPU.ActiveCfg = Release|Any CPU
		{61B4AF5E-AFF2-4293-A5DE-E1997E06CABB}.Release|Any CPU.Build.0 = Release|Any CPU
		{78E772EC-059C-4F6B-86A3-610A6351355F}.Debug|Any CPU.ActiveCfg = Debug|Any CPU
		{78E772EC-059C-4F6B-86A3-610A6351355F}.Debug|Any CPU.Build.0 = Debug|Any CPU
		{78E772EC-059C-4F6B-86A3-610A6351355F}.Release|Any CPU.ActiveCfg = Release|Any CPU
		{78E772EC-059C-4F6B-86A3-610A6351355F}.Release|Any CPU.Build.0 = Release|Any CPU
		{C8A12F6D-30A8-40C9-B50B-577EF55F7683}.Debug|Any CPU.ActiveCfg = Debug|Any CPU
		{C8A12F6D-30A8-40C9-B50B-577EF55F7683}.Debug|Any CPU.Build.0 = Debug|Any CPU
		{C8A12F6D-30A8-40C9-B50B-577EF55F7683}.Release|Any CPU.ActiveCfg = Release|Any CPU
		{C8A12F6D-30A8-40C9-B50B-577EF55F7683}.Release|Any CPU.Build.0 = Release|Any CPU
		{C127BADE-A0A5-46DD-BDD1-1FDFD62CD16B}.Debug|Any CPU.ActiveCfg = Debug|Any CPU
		{C127BADE-A0A5-46DD-BDD1-1FDFD62CD16B}.Debug|Any CPU.Build.0 = Debug|Any CPU
		{C127BADE-A0A5-46DD-BDD1-1FDFD62CD16B}.Release|Any CPU.ActiveCfg = Release|Any CPU
		{C127BADE-A0A5-46DD-BDD1-1FDFD62CD16B}.Release|Any CPU.Build.0 = Release|Any CPU
	EndGlobalSection
	GlobalSection(SolutionProperties) = preSolution
		HideSolutionNode = FALSE
	EndGlobalSection
EndGlobal
