
Microsoft Visual Studio Solution File, Format Version 12.00
# Visual Studio 2012
Project("{FAE04EC0-301F-11D3-BF4B-00C04F79EFBC}") = "CCompiler", "CCompiler.csproj", "{78C2B119-C227-4400-A458-4321B17B42F3}"
EndProject
Global
	GlobalSection(SolutionConfigurationPlatforms) = preSolution
		Debug|Any CPU = Debug|Any CPU
		Release|Any CPU = Release|Any CPU
	EndGlobalSection
	GlobalSection(ProjectConfigurationPlatforms) = postSolution
		{78C2B119-C227-4400-A458-4321B17B42F3}.Debug|Any CPU.ActiveCfg = Debug|Any CPU
		{78C2B119-C227-4400-A458-4321B17B42F3}.Debug|Any CPU.Build.0 = Debug|Any CPU
		{78C2B119-C227-4400-A458-4321B17B42F3}.Release|Any CPU.ActiveCfg = Release|Any CPU
		{78C2B119-C227-4400-A458-4321B17B42F3}.Release|Any CPU.Build.0 = Release|Any CPU
	EndGlobalSection
	GlobalSection(SolutionProperties) = preSolution
		HideSolutionNode = FALSE
	EndGlobalSection
EndGlobal
