
Microsoft Visual Studio Solution File, Format Version 12.00
# Visual Studio 14
VisualStudioVersion = 14.0.22512.0
MinimumVisualStudioVersion = 10.0.40219.1
Project("{FAE04EC0-301F-11D3-BF4B-00C04F79EFBC}") = "lexical_analysis", "lexical_analysis\lexical_analysis.csproj", "{61B4AF5E-AFF2-4293-A5DE-E1997E06CABB}"
EndProject
Project("{FAE04EC0-301F-11D3-BF4B-00C04F79EFBC}") = "lex_test", "lex_test\lex_test.csproj", "{78E772EC-059C-4F6B-86A3-610A6351355F}"
EndProject
Project("{FAE04EC0-301F-11D3-BF4B-00C04F79EFBC}") = "parser", "parser\parser.csproj", "{C8A12F6D-30A8-40C9-B50B-577EF55F7683}"
EndProject
Project("{FAE04EC0-301F-11D3-BF4B-00C04F79EFBC}") = "parser_test", "parser_test\parser_test.csproj", "{C127BADE-A0A5-46DD-BDD1-1FDFD62CD16B}"
EndProject
Project("{FAE04EC0-301F-11D3-BF4B-00C04F79EFBC}") = "semantic_analysis", "semantic_analysis\semantic_analysis.csproj", "{3AFD99A3-370A-4643-9A21-77261916D14C}"
EndProject
Project("{FAE04EC0-301F-11D3-BF4B-00C04F79EFBC}") = "semant2_test", "semant2_test\semant2_test.csproj", "{90DF0EED-E72E-4389-AAAE-3E34F61B1252}"
EndProject
Project("{FAE04EC0-301F-11D3-BF4B-00C04F79EFBC}") = "code_generation", "code_generation\code_generation.csproj", "{FDB12807-9737-4DA3-B223-A4388C0DB8FF}"
EndProject
Project("{FAE04EC0-301F-11D3-BF4B-00C04F79EFBC}") = "driver", "driver\driver.csproj", "{B56B25F1-A975-488F-9A67-4D8C5ECC5A17}"
EndProject
Global
	GlobalSection(SolutionConfigurationPlatforms) = preSolution
		Debug|Any CPU = Debug|Any CPU
		Debug|x86 = Debug|x86
		Release|Any CPU = Release|Any CPU
		Release|x86 = Release|x86
	EndGlobalSection
	GlobalSection(ProjectConfigurationPlatforms) = postSolution
		{61B4AF5E-AFF2-4293-A5DE-E1997E06CABB}.Debug|Any CPU.ActiveCfg = Debug|Any CPU
		{61B4AF5E-AFF2-4293-A5DE-E1997E06CABB}.Debug|Any CPU.Build.0 = Debug|Any CPU
		{61B4AF5E-AFF2-4293-A5DE-E1997E06CABB}.Debug|x86.ActiveCfg = Debug|Any CPU
		{61B4AF5E-AFF2-4293-A5DE-E1997E06CABB}.Debug|x86.Build.0 = Debug|Any CPU
		{61B4AF5E-AFF2-4293-A5DE-E1997E06CABB}.Release|Any CPU.ActiveCfg = Release|Any CPU
		{61B4AF5E-AFF2-4293-A5DE-E1997E06CABB}.Release|Any CPU.Build.0 = Release|Any CPU
		{61B4AF5E-AFF2-4293-A5DE-E1997E06CABB}.Release|x86.ActiveCfg = Release|Any CPU
		{61B4AF5E-AFF2-4293-A5DE-E1997E06CABB}.Release|x86.Build.0 = Release|Any CPU
		{78E772EC-059C-4F6B-86A3-610A6351355F}.Debug|Any CPU.ActiveCfg = Debug|Any CPU
		{78E772EC-059C-4F6B-86A3-610A6351355F}.Debug|Any CPU.Build.0 = Debug|Any CPU
		{78E772EC-059C-4F6B-86A3-610A6351355F}.Debug|x86.ActiveCfg = Debug|Any CPU
		{78E772EC-059C-4F6B-86A3-610A6351355F}.Debug|x86.Build.0 = Debug|Any CPU
		{78E772EC-059C-4F6B-86A3-610A6351355F}.Release|Any CPU.ActiveCfg = Release|Any CPU
		{78E772EC-059C-4F6B-86A3-610A6351355F}.Release|Any CPU.Build.0 = Release|Any CPU
		{78E772EC-059C-4F6B-86A3-610A6351355F}.Release|x86.ActiveCfg = Release|Any CPU
		{78E772EC-059C-4F6B-86A3-610A6351355F}.Release|x86.Build.0 = Release|Any CPU
		{C8A12F6D-30A8-40C9-B50B-577EF55F7683}.Debug|Any CPU.ActiveCfg = Debug|Any CPU
		{C8A12F6D-30A8-40C9-B50B-577EF55F7683}.Debug|Any CPU.Build.0 = Debug|Any CPU
		{C8A12F6D-30A8-40C9-B50B-577EF55F7683}.Debug|x86.ActiveCfg = Debug|Any CPU
		{C8A12F6D-30A8-40C9-B50B-577EF55F7683}.Debug|x86.Build.0 = Debug|Any CPU
		{C8A12F6D-30A8-40C9-B50B-577EF55F7683}.Release|Any CPU.ActiveCfg = Release|Any CPU
		{C8A12F6D-30A8-40C9-B50B-577EF55F7683}.Release|Any CPU.Build.0 = Release|Any CPU
		{C8A12F6D-30A8-40C9-B50B-577EF55F7683}.Release|x86.ActiveCfg = Release|Any CPU
		{C8A12F6D-30A8-40C9-B50B-577EF55F7683}.Release|x86.Build.0 = Release|Any CPU
		{C127BADE-A0A5-46DD-BDD1-1FDFD62CD16B}.Debug|Any CPU.ActiveCfg = Debug|Any CPU
		{C127BADE-A0A5-46DD-BDD1-1FDFD62CD16B}.Debug|Any CPU.Build.0 = Debug|Any CPU
		{C127BADE-A0A5-46DD-BDD1-1FDFD62CD16B}.Debug|x86.ActiveCfg = Debug|Any CPU
		{C127BADE-A0A5-46DD-BDD1-1FDFD62CD16B}.Debug|x86.Build.0 = Debug|Any CPU
		{C127BADE-A0A5-46DD-BDD1-1FDFD62CD16B}.Release|Any CPU.ActiveCfg = Release|Any CPU
		{C127BADE-A0A5-46DD-BDD1-1FDFD62CD16B}.Release|Any CPU.Build.0 = Release|Any CPU
		{C127BADE-A0A5-46DD-BDD1-1FDFD62CD16B}.Release|x86.ActiveCfg = Release|Any CPU
		{C127BADE-A0A5-46DD-BDD1-1FDFD62CD16B}.Release|x86.Build.0 = Release|Any CPU
		{3AFD99A3-370A-4643-9A21-77261916D14C}.Debug|Any CPU.ActiveCfg = Debug|Any CPU
		{3AFD99A3-370A-4643-9A21-77261916D14C}.Debug|Any CPU.Build.0 = Debug|Any CPU
		{3AFD99A3-370A-4643-9A21-77261916D14C}.Debug|x86.ActiveCfg = Debug|Any CPU
		{3AFD99A3-370A-4643-9A21-77261916D14C}.Debug|x86.Build.0 = Debug|Any CPU
		{3AFD99A3-370A-4643-9A21-77261916D14C}.Release|Any CPU.ActiveCfg = Release|Any CPU
		{3AFD99A3-370A-4643-9A21-77261916D14C}.Release|Any CPU.Build.0 = Release|Any CPU
		{3AFD99A3-370A-4643-9A21-77261916D14C}.Release|x86.ActiveCfg = Release|Any CPU
		{3AFD99A3-370A-4643-9A21-77261916D14C}.Release|x86.Build.0 = Release|Any CPU
		{90DF0EED-E72E-4389-AAAE-3E34F61B1252}.Debug|Any CPU.ActiveCfg = Debug|Any CPU
		{90DF0EED-E72E-4389-AAAE-3E34F61B1252}.Debug|Any CPU.Build.0 = Debug|Any CPU
		{90DF0EED-E72E-4389-AAAE-3E34F61B1252}.Debug|x86.ActiveCfg = Debug|Any CPU
		{90DF0EED-E72E-4389-AAAE-3E34F61B1252}.Debug|x86.Build.0 = Debug|Any CPU
		{90DF0EED-E72E-4389-AAAE-3E34F61B1252}.Release|Any CPU.ActiveCfg = Release|Any CPU
		{90DF0EED-E72E-4389-AAAE-3E34F61B1252}.Release|Any CPU.Build.0 = Release|Any CPU
		{90DF0EED-E72E-4389-AAAE-3E34F61B1252}.Release|x86.ActiveCfg = Release|Any CPU
		{90DF0EED-E72E-4389-AAAE-3E34F61B1252}.Release|x86.Build.0 = Release|Any CPU
		{FDB12807-9737-4DA3-B223-A4388C0DB8FF}.Debug|Any CPU.ActiveCfg = Debug|Any CPU
		{FDB12807-9737-4DA3-B223-A4388C0DB8FF}.Debug|Any CPU.Build.0 = Debug|Any CPU
		{FDB12807-9737-4DA3-B223-A4388C0DB8FF}.Debug|x86.ActiveCfg = Debug|Any CPU
		{FDB12807-9737-4DA3-B223-A4388C0DB8FF}.Debug|x86.Build.0 = Debug|Any CPU
		{FDB12807-9737-4DA3-B223-A4388C0DB8FF}.Release|Any CPU.ActiveCfg = Release|Any CPU
		{FDB12807-9737-4DA3-B223-A4388C0DB8FF}.Release|Any CPU.Build.0 = Release|Any CPU
		{FDB12807-9737-4DA3-B223-A4388C0DB8FF}.Release|x86.ActiveCfg = Release|Any CPU
		{FDB12807-9737-4DA3-B223-A4388C0DB8FF}.Release|x86.Build.0 = Release|Any CPU
		{B56B25F1-A975-488F-9A67-4D8C5ECC5A17}.Debug|Any CPU.ActiveCfg = Debug|Any CPU
		{B56B25F1-A975-488F-9A67-4D8C5ECC5A17}.Debug|Any CPU.Build.0 = Debug|Any CPU
		{B56B25F1-A975-488F-9A67-4D8C5ECC5A17}.Debug|x86.ActiveCfg = Debug|Any CPU
		{B56B25F1-A975-488F-9A67-4D8C5ECC5A17}.Debug|x86.Build.0 = Debug|Any CPU
		{B56B25F1-A975-488F-9A67-4D8C5ECC5A17}.Release|Any CPU.ActiveCfg = Release|Any CPU
		{B56B25F1-A975-488F-9A67-4D8C5ECC5A17}.Release|Any CPU.Build.0 = Release|Any CPU
		{B56B25F1-A975-488F-9A67-4D8C5ECC5A17}.Release|x86.ActiveCfg = Release|Any CPU
		{B56B25F1-A975-488F-9A67-4D8C5ECC5A17}.Release|x86.Build.0 = Release|Any CPU
	EndGlobalSection
	GlobalSection(SolutionProperties) = preSolution
		HideSolutionNode = FALSE
	EndGlobalSection
EndGlobal
